# @generated by Move, please check-in and do not edit manually.

[move]
version = 2
manifest_digest = "5FF9D244C8C6F502349A65AF119E472A33FF622F85235A9E3E168F70BFAE06F6"
deps_digest = "3C4103934B1E040BB6B23F1D610B4EF9F2F1166A50A104EADCF77467C004C600"
dependencies = [
  { name = "Sui" },
  { name = "shallwemove" },
]

[[move.package]]
name = "MoveStdlib"
source = { git = "https://github.com/MystenLabs/sui.git", rev = "framework/testnet", subdir = "crates/sui-framework/packages/move-stdlib" }

[[move.package]]
name = "Sui"
source = { git = "https://github.com/MystenLabs/sui.git", rev = "framework/testnet", subdir = "crates/sui-framework/packages/sui-framework" }

dependencies = [
  { name = "MoveStdlib" },
]

[[move.package]]
name = "shallwemove"
source = { git = "https://github.com/ShallWeMove/Overflow2024", rev = "feat/move-module", subdir = "shallwemove" }

dependencies = [
  { name = "Sui" },
]

[move.toolchain-version]
compiler-version = "1.25.0"
edition = "2024.beta"
flavor = "sui"

[env]

[env.testnet_nodeinfra]
chain-id = "4c78adac"
original-published-id = "0x5b7719a55904a53ddddfb8f5833e382fb4cc46d46fa8cb7b29de875c6ab56f57"
latest-published-id = "0x5b7719a55904a53ddddfb8f5833e382fb4cc46d46fa8cb7b29de875c6ab56f57"
published-version = "1"
