# @generated by Move, please check-in and do not edit manually.

[move]
version = 2
manifest_digest = "E05A710390AA815C0FFA901ABB7906600BB3AF7B4F5F5B9ADC04E58C2FC06B76"
deps_digest = "3C4103934B1E040BB6B23F1D610B4EF9F2F1166A50A104EADCF77467C004C600"
dependencies = [
  { name = "Sui" },
  { name = "shallwemove" },
]

[[move.package]]
name = "MoveStdlib"
source = { git = "https://github.com/MystenLabs/sui.git", rev = "framework/testnet", subdir = "crates/sui-framework/packages/move-stdlib" }

[[move.package]]
name = "Sui"
source = { git = "https://github.com/MystenLabs/sui.git", rev = "framework/testnet", subdir = "crates/sui-framework/packages/sui-framework" }

dependencies = [
  { name = "MoveStdlib" },
]

[[move.package]]
name = "shallwemove"
source = { git = "https://github.com/ShallWeMove/Overflow2024", rev = "main", subdir = "shallwemove" }

dependencies = [
  { name = "Sui" },
]

[move.toolchain-version]
compiler-version = "1.25.0"
edition = "2024.beta"
flavor = "sui"

[env]

[env.testnet_nodeinfra]
chain-id = "4c78adac"
original-published-id = "0x3e3dc90769912624b992753928f87bc31e8e350e0ef2af255a748ff3f898742e"
latest-published-id = "0x83375f7ddf8e848befd0febc4d05599faeef7c161e1b2c0b52fdbbf1a3d5d39c"
published-version = "7"
