# @generated by Move, please check-in and do not edit manually.

[move]
version = 2
manifest_digest = "A9CFF60815AE202BB30E2ABE430A1934F7794FD01CEF8734426D3F8F57B7ADF7"
deps_digest = "3C4103934B1E040BB6B23F1D610B4EF9F2F1166A50A104EADCF77467C004C600"
dependencies = [
  { name = "Sui" },
  { name = "shallwemove" },
]

[[move.package]]
name = "MoveStdlib"
source = { git = "https://github.com/MystenLabs/sui.git", rev = "framework/testnet", subdir = "crates/sui-framework/packages/move-stdlib" }

[[move.package]]
name = "Sui"
source = { git = "https://github.com/MystenLabs/sui.git", rev = "framework/testnet", subdir = "crates/sui-framework/packages/sui-framework" }

dependencies = [
  { name = "MoveStdlib" },
]

[[move.package]]
name = "shallwemove"
source = { git = "https://github.com/ShallWeMove/Overflow2024", rev = "main", subdir = "shallwemove" }

dependencies = [
  { name = "Sui" },
]

[move.toolchain-version]
compiler-version = "1.25.0"
edition = "2024.beta"
flavor = "sui"

[env]

[env.testnet_nodeinfra]
chain-id = "4c78adac"
original-published-id = "0x2cddba646146b7e3964eed9b9905d15027555f583addd1e6bef4a86c275485c8"
latest-published-id = "0x2cddba646146b7e3964eed9b9905d15027555f583addd1e6bef4a86c275485c8"
published-version = "1"
