# @generated by Move, please check-in and do not edit manually.

[move]
version = 2
manifest_digest = "ACD3155747B66C6C760C2E55D4BD847FB48E212762A4A78420795C9B1F2ACFEF"
deps_digest = "3C4103934B1E040BB6B23F1D610B4EF9F2F1166A50A104EADCF77467C004C600"
dependencies = [
  { name = "Sui" },
  { name = "shallwemove" },
]

[[move.package]]
name = "MoveStdlib"
source = { git = "https://github.com/MystenLabs/sui.git", rev = "framework/testnet", subdir = "crates/sui-framework/packages/move-stdlib" }

[[move.package]]
name = "Sui"
source = { git = "https://github.com/MystenLabs/sui.git", rev = "framework/testnet", subdir = "crates/sui-framework/packages/sui-framework" }

dependencies = [
  { name = "MoveStdlib" },
]

[[move.package]]
name = "shallwemove"
source = { git = "https://github.com/ShallWeMove/Overflow2024", rev = "main", subdir = "shallwemove" }

dependencies = [
  { name = "Sui" },
]

[move.toolchain-version]
compiler-version = "1.25.0"
edition = "2024.beta"
flavor = "sui"

[env]

[env.testnet_nodeinfra]
chain-id = "4c78adac"
original-published-id = "0x4fe20afdac0b60838296679d777f7418348d6d99f9a8c38c318eb480c9df7508"
latest-published-id = "0x4fe20afdac0b60838296679d777f7418348d6d99f9a8c38c318eb480c9df7508"
published-version = "1"
